Microsoft Visual Studio Solution File, Format Version 12.00
# Visual Studio Version 17
VisualStudioVersion = 17.5.2.0
MinimumVisualStudioVersion = 10.0.40219.1
Project("{2150E333-8FDC-42A3-9474-1A3956D46DE8}") = "Fonte", "Fonte", "{AC973387-9BA1-EC41-3046-A34384245A95}"
EndProject
Project("{FAE04EC0-301F-11D3-BF4B-00C04F79EFBC}") = "API.ConectaAtende.Api", "Fonte\API.ConectaAtende.Api\API.ConectaAtende.Api.csproj", "{4139F00B-C1FF-7C36-4328-4983F35F0890}"
EndProject
Project("{FAE04EC0-301F-11D3-BF4B-00C04F79EFBC}") = "API.ConectaAtende.Aplicacao", "Fonte\API.ConectaAtende.Aplicacao\API.ConectaAtende.Aplicacao.csproj", "{E53B2A91-C1D0-CDE9-0A05-F3A5A33E6E7B}"
EndProject
Project("{FAE04EC0-301F-11D3-BF4B-00C04F79EFBC}") = "API.ConectaAtende.Benchmarks", "Fonte\API.ConectaAtende.Benchmarks\API.ConectaAtende.Benchmarks.csproj", "{58A2BA80-A9A2-C1FB-8C57-1CF726B36279}"
EndProject
Project("{FAE04EC0-301F-11D3-BF4B-00C04F79EFBC}") = "API.ConectaAtende.Dominio", "Fonte\API.ConectaAtende.Dominio\API.ConectaAtende.Dominio.csproj", "{B79A807D-B4C3-1A32-1EEB-EB92D920F7B7}"
EndProject
Project("{FAE04EC0-301F-11D3-BF4B-00C04F79EFBC}") = "API.ConectaAtende.Infra", "Fonte\API.ConectaAtende.Infra\API.ConectaAtende.Infra.csproj", "{6248A927-B047-8CE5-263A-273F209CF701}"
EndProject
Global
	GlobalSection(SolutionConfigurationPlatforms) = preSolution
		Debug|Any CPU = Debug|Any CPU
		Release|Any CPU = Release|Any CPU
	EndGlobalSection
	GlobalSection(ProjectConfigurationPlatforms) = postSolution
		{4139F00B-C1FF-7C36-4328-4983F35F0890}.Debug|Any CPU.ActiveCfg = Debug|Any CPU
		{4139F00B-C1FF-7C36-4328-4983F35F0890}.Debug|Any CPU.Build.0 = Debug|Any CPU
		{4139F00B-C1FF-7C36-4328-4983F35F0890}.Release|Any CPU.ActiveCfg = Release|Any CPU
		{4139F00B-C1FF-7C36-4328-4983F35F0890}.Release|Any CPU.Build.0 = Release|Any CPU
		{E53B2A91-C1D0-CDE9-0A05-F3A5A33E6E7B}.Debug|Any CPU.ActiveCfg = Debug|Any CPU
		{E53B2A91-C1D0-CDE9-0A05-F3A5A33E6E7B}.Debug|Any CPU.Build.0 = Debug|Any CPU
		{E53B2A91-C1D0-CDE9-0A05-F3A5A33E6E7B}.Release|Any CPU.ActiveCfg = Release|Any CPU
		{E53B2A91-C1D0-CDE9-0A05-F3A5A33E6E7B}.Release|Any CPU.Build.0 = Release|Any CPU
		{58A2BA80-A9A2-C1FB-8C57-1CF726B36279}.Debug|Any CPU.ActiveCfg = Debug|Any CPU
		{58A2BA80-A9A2-C1FB-8C57-1CF726B36279}.Debug|Any CPU.Build.0 = Debug|Any CPU
		{58A2BA80-A9A2-C1FB-8C57-1CF726B36279}.Release|Any CPU.ActiveCfg = Release|Any CPU
		{58A2BA80-A9A2-C1FB-8C57-1CF726B36279}.Release|Any CPU.Build.0 = Release|Any CPU
		{B79A807D-B4C3-1A32-1EEB-EB92D920F7B7}.Debug|Any CPU.ActiveCfg = Debug|Any CPU
		{B79A807D-B4C3-1A32-1EEB-EB92D920F7B7}.Debug|Any CPU.Build.0 = Debug|Any CPU
		{B79A807D-B4C3-1A32-1EEB-EB92D920F7B7}.Release|Any CPU.ActiveCfg = Release|Any CPU
		{B79A807D-B4C3-1A32-1EEB-EB92D920F7B7}.Release|Any CPU.Build.0 = Release|Any CPU
		{6248A927-B047-8CE5-263A-273F209CF701}.Debug|Any CPU.ActiveCfg = Debug|Any CPU
		{6248A927-B047-8CE5-263A-273F209CF701}.Debug|Any CPU.Build.0 = Debug|Any CPU
		{6248A927-B047-8CE5-263A-273F209CF701}.Release|Any CPU.ActiveCfg = Release|Any CPU
		{6248A927-B047-8CE5-263A-273F209CF701}.Release|Any CPU.Build.0 = Release|Any CPU
	EndGlobalSection
	GlobalSection(SolutionProperties) = preSolution
		HideSolutionNode = FALSE
	EndGlobalSection
	GlobalSection(NestedProjects) = preSolution
		{4139F00B-C1FF-7C36-4328-4983F35F0890} = {AC973387-9BA1-EC41-3046-A34384245A95}
		{E53B2A91-C1D0-CDE9-0A05-F3A5A33E6E7B} = {AC973387-9BA1-EC41-3046-A34384245A95}
		{58A2BA80-A9A2-C1FB-8C57-1CF726B36279} = {AC973387-9BA1-EC41-3046-A34384245A95}
		{B79A807D-B4C3-1A32-1EEB-EB92D920F7B7} = {AC973387-9BA1-EC41-3046-A34384245A95}
		{6248A927-B047-8CE5-263A-273F209CF701} = {AC973387-9BA1-EC41-3046-A34384245A95}
	EndGlobalSection
	GlobalSection(ExtensibilityGlobals) = postSolution
		SolutionGuid = {5D4FBA68-BD48-4FEC-A04E-1E8DC1AA7389}
	EndGlobalSection
EndGlobal
